
Microsoft Visual Studio Solution File, Format Version 12.00
# Visual Studio Version 16
VisualStudioVersion = 16.0.29709.97
MinimumVisualStudioVersion = 10.0.40219.1
Project("{FAE04EC0-301F-11D3-BF4B-00C04F79EFBC}") = "MetadataPlayground", "MetadataPlayground\MetadataPlayground.csproj", "{08191F16-E3E8-425E-B68C-4026D7724F00}"
EndProject
Project("{FAE04EC0-301F-11D3-BF4B-00C04F79EFBC}") = "MetadataPlayground.WithMetadata", "MetadataPlayground.WithMetadata\MetadataPlayground.WithMetadata.csproj", "{E1A33086-789B-48BB-BF7C-8924BE515EAB}"
EndProject
Global
	GlobalSection(SolutionConfigurationPlatforms) = preSolution
		Debug|Any CPU = Debug|Any CPU
		Release|Any CPU = Release|Any CPU
	EndGlobalSection
	GlobalSection(ProjectConfigurationPlatforms) = postSolution
		{08191F16-E3E8-425E-B68C-4026D7724F00}.Debug|Any CPU.ActiveCfg = Debug|Any CPU
		{08191F16-E3E8-425E-B68C-4026D7724F00}.Debug|Any CPU.Build.0 = Debug|Any CPU
		{08191F16-E3E8-425E-B68C-4026D7724F00}.Release|Any CPU.ActiveCfg = Release|Any CPU
		{08191F16-E3E8-425E-B68C-4026D7724F00}.Release|Any CPU.Build.0 = Release|Any CPU
		{E1A33086-789B-48BB-BF7C-8924BE515EAB}.Debug|Any CPU.ActiveCfg = Debug|Any CPU
		{E1A33086-789B-48BB-BF7C-8924BE515EAB}.Debug|Any CPU.Build.0 = Debug|Any CPU
		{E1A33086-789B-48BB-BF7C-8924BE515EAB}.Release|Any CPU.ActiveCfg = Release|Any CPU
		{E1A33086-789B-48BB-BF7C-8924BE515EAB}.Release|Any CPU.Build.0 = Release|Any CPU
	EndGlobalSection
	GlobalSection(SolutionProperties) = preSolution
		HideSolutionNode = FALSE
	EndGlobalSection
	GlobalSection(ExtensibilityGlobals) = postSolution
		SolutionGuid = {EC7CCA77-6253-473C-8D34-852A28C8F35C}
	EndGlobalSection
EndGlobal
